
Microsoft Visual Studio Solution File, Format Version 12.00
# Visual Studio 15
VisualStudioVersion = 15.0.28307.271
MinimumVisualStudioVersion = 10.0.40219.1
Project("{9A19103F-16F7-4668-BE54-9A1E7A4F7556}") = "CatalogWeb", "CatalogWeb\CatalogWeb.csproj", "{CDBD914D-D66B-4CD2-9F28-B5625F60596E}"
EndProject
Project("{9A19103F-16F7-4668-BE54-9A1E7A4F7556}") = "Catalog.Business", "Catalog.Business\Catalog.Business.csproj", "{F97DDC65-F032-4790-94F3-45D43C55402F}"
EndProject
Project("{9A19103F-16F7-4668-BE54-9A1E7A4F7556}") = "Catalog.DataAccess", "Catalog.DataAccess\Catalog.DataAccess.csproj", "{1CFD9356-E8C9-4C3C-A6D4-16FEFB8A980D}"
EndProject
Project("{FAE04EC0-301F-11D3-BF4B-00C04F79EFBC}") = "WebApi", "WebApi\WebApi.csproj", "{FF10266D-5DD2-4234-979B-ACA5F9C904FB}"
EndProject
Global
	GlobalSection(SolutionConfigurationPlatforms) = preSolution
		Debug|Any CPU = Debug|Any CPU
		Release|Any CPU = Release|Any CPU
	EndGlobalSection
	GlobalSection(ProjectConfigurationPlatforms) = postSolution
		{CDBD914D-D66B-4CD2-9F28-B5625F60596E}.Debug|Any CPU.ActiveCfg = Debug|Any CPU
		{CDBD914D-D66B-4CD2-9F28-B5625F60596E}.Debug|Any CPU.Build.0 = Debug|Any CPU
		{CDBD914D-D66B-4CD2-9F28-B5625F60596E}.Release|Any CPU.ActiveCfg = Release|Any CPU
		{CDBD914D-D66B-4CD2-9F28-B5625F60596E}.Release|Any CPU.Build.0 = Release|Any CPU
		{F97DDC65-F032-4790-94F3-45D43C55402F}.Debug|Any CPU.ActiveCfg = Debug|Any CPU
		{F97DDC65-F032-4790-94F3-45D43C55402F}.Debug|Any CPU.Build.0 = Debug|Any CPU
		{F97DDC65-F032-4790-94F3-45D43C55402F}.Release|Any CPU.ActiveCfg = Release|Any CPU
		{F97DDC65-F032-4790-94F3-45D43C55402F}.Release|Any CPU.Build.0 = Release|Any CPU
		{1CFD9356-E8C9-4C3C-A6D4-16FEFB8A980D}.Debug|Any CPU.ActiveCfg = Debug|Any CPU
		{1CFD9356-E8C9-4C3C-A6D4-16FEFB8A980D}.Debug|Any CPU.Build.0 = Debug|Any CPU
		{1CFD9356-E8C9-4C3C-A6D4-16FEFB8A980D}.Release|Any CPU.ActiveCfg = Release|Any CPU
		{1CFD9356-E8C9-4C3C-A6D4-16FEFB8A980D}.Release|Any CPU.Build.0 = Release|Any CPU
		{FF10266D-5DD2-4234-979B-ACA5F9C904FB}.Debug|Any CPU.ActiveCfg = Debug|Any CPU
		{FF10266D-5DD2-4234-979B-ACA5F9C904FB}.Debug|Any CPU.Build.0 = Debug|Any CPU
		{FF10266D-5DD2-4234-979B-ACA5F9C904FB}.Release|Any CPU.ActiveCfg = Release|Any CPU
		{FF10266D-5DD2-4234-979B-ACA5F9C904FB}.Release|Any CPU.Build.0 = Release|Any CPU
	EndGlobalSection
	GlobalSection(SolutionProperties) = preSolution
		HideSolutionNode = FALSE
	EndGlobalSection
	GlobalSection(ExtensibilityGlobals) = postSolution
		SolutionGuid = {67B6DA2C-E8A8-4E40-B6F6-14E4650DFF56}
	EndGlobalSection
EndGlobal
